
Microsoft Visual Studio Solution File, Format Version 12.00
# Visual Studio Version 16
VisualStudioVersion = 16.0.30503.244
MinimumVisualStudioVersion = 10.0.40219.1
Project("{FAE04EC0-301F-11D3-BF4B-00C04F79EFBC}") = "FileIOoperation-AddressBook", "FileIOoperation-AddressBook\FileIOoperation-AddressBook.csproj", "{426D50EE-31ED-491B-A820-8809F11E5318}"
EndProject
Project("{FAE04EC0-301F-11D3-BF4B-00C04F79EFBC}") = "MsTestFileIOOperation", "MsTestFileIOOperation\MsTestFileIOOperation.csproj", "{AE77439E-6D31-4BBF-8141-870B602F0D94}"
EndProject
Global
	GlobalSection(SolutionConfigurationPlatforms) = preSolution
		Debug|Any CPU = Debug|Any CPU
		Release|Any CPU = Release|Any CPU
	EndGlobalSection
	GlobalSection(ProjectConfigurationPlatforms) = postSolution
		{426D50EE-31ED-491B-A820-8809F11E5318}.Debug|Any CPU.ActiveCfg = Debug|Any CPU
		{426D50EE-31ED-491B-A820-8809F11E5318}.Debug|Any CPU.Build.0 = Debug|Any CPU
		{426D50EE-31ED-491B-A820-8809F11E5318}.Release|Any CPU.ActiveCfg = Release|Any CPU
		{426D50EE-31ED-491B-A820-8809F11E5318}.Release|Any CPU.Build.0 = Release|Any CPU
		{AE77439E-6D31-4BBF-8141-870B602F0D94}.Debug|Any CPU.ActiveCfg = Debug|Any CPU
		{AE77439E-6D31-4BBF-8141-870B602F0D94}.Debug|Any CPU.Build.0 = Debug|Any CPU
		{AE77439E-6D31-4BBF-8141-870B602F0D94}.Release|Any CPU.ActiveCfg = Release|Any CPU
		{AE77439E-6D31-4BBF-8141-870B602F0D94}.Release|Any CPU.Build.0 = Release|Any CPU
	EndGlobalSection
	GlobalSection(SolutionProperties) = preSolution
		HideSolutionNode = FALSE
	EndGlobalSection
	GlobalSection(ExtensibilityGlobals) = postSolution
		SolutionGuid = {6EEAF8E8-42D5-488F-A74A-C8D3ED1F1C4D}
	EndGlobalSection
EndGlobal
